
Microsoft Visual Studio Solution File, Format Version 12.00
# Visual Studio Version 17
VisualStudioVersion = 17.7.34221.43
MinimumVisualStudioVersion = 10.0.40219.1
Project("{9A19103F-16F7-4668-BE54-9A1E7A4F7556}") = "LivestockMgmt", "LivestockMgmt.csproj", "{224BD94F-A8FD-4CDF-B2A6-0DD6AF8B5330}"
EndProject
Global
	GlobalSection(SolutionConfigurationPlatforms) = preSolution
		Debug|Any CPU = Debug|Any CPU
		Release|Any CPU = Release|Any CPU
	EndGlobalSection
	GlobalSection(ProjectConfigurationPlatforms) = postSolution
		{224BD94F-A8FD-4CDF-B2A6-0DD6AF8B5330}.Debug|Any CPU.ActiveCfg = Debug|Any CPU
		{224BD94F-A8FD-4CDF-B2A6-0DD6AF8B5330}.Debug|Any CPU.Build.0 = Debug|Any CPU
		{224BD94F-A8FD-4CDF-B2A6-0DD6AF8B5330}.Release|Any CPU.ActiveCfg = Release|Any CPU
		{224BD94F-A8FD-4CDF-B2A6-0DD6AF8B5330}.Release|Any CPU.Build.0 = Release|Any CPU
	EndGlobalSection
	GlobalSection(SolutionProperties) = preSolution
		HideSolutionNode = FALSE
	EndGlobalSection
	GlobalSection(ExtensibilityGlobals) = postSolution
		SolutionGuid = {0FCF32C5-6419-4302-BC40-B84208422E01}
	EndGlobalSection
EndGlobal
